
Microsoft Visual Studio Solution File, Format Version 12.00
# Visual Studio 15
VisualStudioVersion = 15.0.26124.0
MinimumVisualStudioVersion = 15.0.26124.0
Project("{2150E333-8FDC-42A3-9474-1A3956D46DE8}") = "src", "src", "{CE8B80C9-E6F1-4331-8FCE-E5A872621850}"
EndProject
Project("{FAE04EC0-301F-11D3-BF4B-00C04F79EFBC}") = "Neo.FileSystem.API", "src\Neo.FileSystem.API\Neo.FileSystem.API.csproj", "{17022D09-EBE7-4277-B73A-A2FD76578C5D}"
EndProject
Project("{2150E333-8FDC-42A3-9474-1A3956D46DE8}") = "tests", "tests", "{BCA595E6-79CA-4E13-949F-6088FE13C8E7}"
EndProject
Project("{FAE04EC0-301F-11D3-BF4B-00C04F79EFBC}") = "Neo.FileSystem.API.UnitTests", "tests\Neo.FileSystem.API.UnitTests\Neo.FileSystem.API.UnitTests.csproj", "{62D6AFF0-7E4F-4E19-AB9F-F6055E2EE55C}"
EndProject
Global
	GlobalSection(SolutionConfigurationPlatforms) = preSolution
		Debug|Any CPU = Debug|Any CPU
		Debug|x64 = Debug|x64
		Debug|x86 = Debug|x86
		Release|Any CPU = Release|Any CPU
		Release|x64 = Release|x64
		Release|x86 = Release|x86
	EndGlobalSection
	GlobalSection(SolutionProperties) = preSolution
		HideSolutionNode = FALSE
	EndGlobalSection
	GlobalSection(ProjectConfigurationPlatforms) = postSolution
		{17022D09-EBE7-4277-B73A-A2FD76578C5D}.Debug|Any CPU.ActiveCfg = Debug|Any CPU
		{17022D09-EBE7-4277-B73A-A2FD76578C5D}.Debug|Any CPU.Build.0 = Debug|Any CPU
		{17022D09-EBE7-4277-B73A-A2FD76578C5D}.Debug|x64.ActiveCfg = Debug|Any CPU
		{17022D09-EBE7-4277-B73A-A2FD76578C5D}.Debug|x64.Build.0 = Debug|Any CPU
		{17022D09-EBE7-4277-B73A-A2FD76578C5D}.Debug|x86.ActiveCfg = Debug|Any CPU
		{17022D09-EBE7-4277-B73A-A2FD76578C5D}.Debug|x86.Build.0 = Debug|Any CPU
		{17022D09-EBE7-4277-B73A-A2FD76578C5D}.Release|Any CPU.ActiveCfg = Release|Any CPU
		{17022D09-EBE7-4277-B73A-A2FD76578C5D}.Release|Any CPU.Build.0 = Release|Any CPU
		{17022D09-EBE7-4277-B73A-A2FD76578C5D}.Release|x64.ActiveCfg = Release|Any CPU
		{17022D09-EBE7-4277-B73A-A2FD76578C5D}.Release|x64.Build.0 = Release|Any CPU
		{17022D09-EBE7-4277-B73A-A2FD76578C5D}.Release|x86.ActiveCfg = Release|Any CPU
		{17022D09-EBE7-4277-B73A-A2FD76578C5D}.Release|x86.Build.0 = Release|Any CPU
		{62D6AFF0-7E4F-4E19-AB9F-F6055E2EE55C}.Debug|Any CPU.ActiveCfg = Debug|Any CPU
		{62D6AFF0-7E4F-4E19-AB9F-F6055E2EE55C}.Debug|Any CPU.Build.0 = Debug|Any CPU
		{62D6AFF0-7E4F-4E19-AB9F-F6055E2EE55C}.Debug|x64.ActiveCfg = Debug|Any CPU
		{62D6AFF0-7E4F-4E19-AB9F-F6055E2EE55C}.Debug|x64.Build.0 = Debug|Any CPU
		{62D6AFF0-7E4F-4E19-AB9F-F6055E2EE55C}.Debug|x86.ActiveCfg = Debug|Any CPU
		{62D6AFF0-7E4F-4E19-AB9F-F6055E2EE55C}.Debug|x86.Build.0 = Debug|Any CPU
		{62D6AFF0-7E4F-4E19-AB9F-F6055E2EE55C}.Release|Any CPU.ActiveCfg = Release|Any CPU
		{62D6AFF0-7E4F-4E19-AB9F-F6055E2EE55C}.Release|Any CPU.Build.0 = Release|Any CPU
		{62D6AFF0-7E4F-4E19-AB9F-F6055E2EE55C}.Release|x64.ActiveCfg = Release|Any CPU
		{62D6AFF0-7E4F-4E19-AB9F-F6055E2EE55C}.Release|x64.Build.0 = Release|Any CPU
		{62D6AFF0-7E4F-4E19-AB9F-F6055E2EE55C}.Release|x86.ActiveCfg = Release|Any CPU
		{62D6AFF0-7E4F-4E19-AB9F-F6055E2EE55C}.Release|x86.Build.0 = Release|Any CPU
	EndGlobalSection
	GlobalSection(NestedProjects) = preSolution
		{17022D09-EBE7-4277-B73A-A2FD76578C5D} = {CE8B80C9-E6F1-4331-8FCE-E5A872621850}
		{62D6AFF0-7E4F-4E19-AB9F-F6055E2EE55C} = {BCA595E6-79CA-4E13-949F-6088FE13C8E7}
	EndGlobalSection
	GlobalSection(MonoDevelopProperties) = preSolution
		Policies = $0
		$0.TextStylePolicy = $1
		$1.FileWidth = 80
		$1.TabsToSpaces = True
		$1.EolMarker = Unix
		$1.scope = text/x-csharp
		$0.CSharpFormattingPolicy = $2
		$2.scope = text/x-csharp
		$0.TextStylePolicy = $3
		$3.FileWidth = 80
		$3.TabsToSpaces = True
		$3.EolMarker = Unix
		$3.scope = text/plain
	EndGlobalSection
EndGlobal
